
Microsoft Visual Studio Solution File, Format Version 12.00
# Visual Studio Version 16
VisualStudioVersion = 16.0.31624.102
MinimumVisualStudioVersion = 10.0.40219.1
Project("{FAE04EC0-301F-11D3-BF4B-00C04F79EFBC}") = "DXServicesDemo", "DXServicesDemo.csproj", "{C24405C1-079A-4AD8-99ED-33F888B3F075}"
EndProject
Global
	GlobalSection(SolutionConfigurationPlatforms) = preSolution
		Debug|Any CPU = Debug|Any CPU
		Release|Any CPU = Release|Any CPU
	EndGlobalSection
	GlobalSection(ProjectConfigurationPlatforms) = postSolution
		{C24405C1-079A-4AD8-99ED-33F888B3F075}.Debug|Any CPU.ActiveCfg = Debug|Any CPU
		{C24405C1-079A-4AD8-99ED-33F888B3F075}.Debug|Any CPU.Build.0 = Debug|Any CPU
		{C24405C1-079A-4AD8-99ED-33F888B3F075}.Release|Any CPU.ActiveCfg = Release|Any CPU
		{C24405C1-079A-4AD8-99ED-33F888B3F075}.Release|Any CPU.Build.0 = Release|Any CPU
	EndGlobalSection
	GlobalSection(SolutionProperties) = preSolution
		HideSolutionNode = FALSE
	EndGlobalSection
	GlobalSection(ExtensibilityGlobals) = postSolution
		SolutionGuid = {35269C48-8CE5-462C-81B0-CAC7D4DD41DA}
	EndGlobalSection
EndGlobal
