
Microsoft Visual Studio Solution File, Format Version 12.00
# Visual Studio 2012
Project("{FAE04EC0-301F-11D3-BF4B-00C04F79EFBC}") = "TowerBreakers", "TowerBreakers\TowerBreakers.csproj", "{7CAA16A4-B5D0-4107-9197-4BD76A695947}"
EndProject
Global
	GlobalSection(SolutionConfigurationPlatforms) = preSolution
		Debug|Any CPU = Debug|Any CPU
		Release|Any CPU = Release|Any CPU
	EndGlobalSection
	GlobalSection(ProjectConfigurationPlatforms) = postSolution
		{7CAA16A4-B5D0-4107-9197-4BD76A695947}.Debug|Any CPU.ActiveCfg = Debug|Any CPU
		{7CAA16A4-B5D0-4107-9197-4BD76A695947}.Debug|Any CPU.Build.0 = Debug|Any CPU
		{7CAA16A4-B5D0-4107-9197-4BD76A695947}.Release|Any CPU.ActiveCfg = Release|Any CPU
		{7CAA16A4-B5D0-4107-9197-4BD76A695947}.Release|Any CPU.Build.0 = Release|Any CPU
	EndGlobalSection
	GlobalSection(SolutionProperties) = preSolution
		HideSolutionNode = FALSE
	EndGlobalSection
EndGlobal
