
Microsoft Visual Studio Solution File, Format Version 12.00
# Visual Studio 2012
Project("{FAE04EC0-301F-11D3-BF4B-00C04F79EFBC}") = "BalancedBrackets", "BalancedBrackets\BalancedBrackets.csproj", "{14CFDCC3-BCFB-4FB9-B9DA-C3866F47BCE2}"
EndProject
Global
	GlobalSection(SolutionConfigurationPlatforms) = preSolution
		Debug|Any CPU = Debug|Any CPU
		Release|Any CPU = Release|Any CPU
	EndGlobalSection
	GlobalSection(ProjectConfigurationPlatforms) = postSolution
		{14CFDCC3-BCFB-4FB9-B9DA-C3866F47BCE2}.Debug|Any CPU.ActiveCfg = Debug|Any CPU
		{14CFDCC3-BCFB-4FB9-B9DA-C3866F47BCE2}.Debug|Any CPU.Build.0 = Debug|Any CPU
		{14CFDCC3-BCFB-4FB9-B9DA-C3866F47BCE2}.Release|Any CPU.ActiveCfg = Release|Any CPU
		{14CFDCC3-BCFB-4FB9-B9DA-C3866F47BCE2}.Release|Any CPU.Build.0 = Release|Any CPU
	EndGlobalSection
	GlobalSection(SolutionProperties) = preSolution
		HideSolutionNode = FALSE
	EndGlobalSection
EndGlobal
